// !$*UTF8*$!
{
	archiveVersion = 1;
	classes = {
	};
	objectVersion = 50;
	objects = {

/* Begin PBXBuildFile section */
		610519D82462E2FF00F07DFC /* CustomScrollView.swift in Sources */ = {isa = PBXBuildFile; fileRef = 610519D72462E2FF00F07DFC /* CustomScrollView.swift */; };
		6110E6812461CCE8003492FA /* ImageUploader.swift in Sources */ = {isa = PBXBuildFile; fileRef = 6110E6802461CCE8003492FA /* ImageUploader.swift */; };
		6110E6852461CEBC003492FA /* Image_Loader.swift in Sources */ = {isa = PBXBuildFile; fileRef = 6110E6842461CEBC003492FA /* Image_Loader.swift */; };
		6110E6872461E79B003492FA /* UserJoinedNotificationView.swift in Sources */ = {isa = PBXBuildFile; fileRef = 6110E6862461E79B003492FA /* UserJoinedNotificationView.swift */; };
		61199114246049C40012AFA5 /* MessageView.swift in Sources */ = {isa = PBXBuildFile; fileRef = 61199113246049C40012AFA5 /* MessageView.swift */; };
		6119911824604A990012AFA5 /* User.swift in Sources */ = {isa = PBXBuildFile; fileRef = 6119911724604A990012AFA5 /* User.swift */; };
		6119911D24605E100012AFA5 /* LoginView.swift in Sources */ = {isa = PBXBuildFile; fileRef = 6119911C24605E100012AFA5 /* LoginView.swift */; };
		6119912224605EC60012AFA5 /* Coordinator.swift in Sources */ = {isa = PBXBuildFile; fileRef = 6119912124605EC60012AFA5 /* Coordinator.swift */; };
		6119912424605EE60012AFA5 /* CaptureImageView.swift in Sources */ = {isa = PBXBuildFile; fileRef = 6119912324605EE60012AFA5 /* CaptureImageView.swift */; };
		611991272460619C0012AFA5 /* WelcomeTextView.swift in Sources */ = {isa = PBXBuildFile; fileRef = 611991262460619C0012AFA5 /* WelcomeTextView.swift */; };
		61199129246062450012AFA5 /* UserImageView.swift in Sources */ = {isa = PBXBuildFile; fileRef = 61199128246062450012AFA5 /* UserImageView.swift */; };
		6119912B246062980012AFA5 /* LoginButtonView.swift in Sources */ = {isa = PBXBuildFile; fileRef = 6119912A246062980012AFA5 /* LoginButtonView.swift */; };
		6158444E24606A7E001BB601 /* BottomBarView.swift in Sources */ = {isa = PBXBuildFile; fileRef = 6158444D24606A7E001BB601 /* BottomBarView.swift */; };
		6158445124606E34001BB601 /* KeyboardAdapt.swift in Sources */ = {isa = PBXBuildFile; fileRef = 6158445024606E34001BB601 /* KeyboardAdapt.swift */; };
		61994E64246187EA0059DBBD /* ChatRoom.swift in Sources */ = {isa = PBXBuildFile; fileRef = 61994E63246187EA0059DBBD /* ChatRoom.swift */; };
		61994E6824619B4E0059DBBD /* Data_Holder.swift in Sources */ = {isa = PBXBuildFile; fileRef = 61994E6724619B4E0059DBBD /* Data_Holder.swift */; };
		619DD5172460AF64002785F0 /* String_Extensions.swift in Sources */ = {isa = PBXBuildFile; fileRef = 619DD5162460AF64002785F0 /* String_Extensions.swift */; };
		619DD5192460B4E6002785F0 /* Message.swift in Sources */ = {isa = PBXBuildFile; fileRef = 619DD5182460B4E6002785F0 /* Message.swift */; };
		61C5DD5C2460694D0030346A /* TopBarView.swift in Sources */ = {isa = PBXBuildFile; fileRef = 61C5DD5B2460694D0030346A /* TopBarView.swift */; };
		61E2587E2460443100B1689D /* AppDelegate.swift in Sources */ = {isa = PBXBuildFile; fileRef = 61E2587D2460443100B1689D /* AppDelegate.swift */; };
		61E258802460443100B1689D /* SceneDelegate.swift in Sources */ = {isa = PBXBuildFile; fileRef = 61E2587F2460443100B1689D /* SceneDelegate.swift */; };
		61E258822460443100B1689D /* ChatView.swift in Sources */ = {isa = PBXBuildFile; fileRef = 61E258812460443100B1689D /* ChatView.swift */; };
		61E258842460443600B1689D /* Assets.xcassets in Resources */ = {isa = PBXBuildFile; fileRef = 61E258832460443600B1689D /* Assets.xcassets */; };
		61E258872460443600B1689D /* Preview Assets.xcassets in Resources */ = {isa = PBXBuildFile; fileRef = 61E258862460443600B1689D /* Preview Assets.xcassets */; };
		61E2588A2460443600B1689D /* LaunchScreen.storyboard in Resources */ = {isa = PBXBuildFile; fileRef = 61E258882460443600B1689D /* LaunchScreen.storyboard */; };
		61E258962460471400B1689D /* MessageContentView.swift in Sources */ = {isa = PBXBuildFile; fileRef = 61E258952460471400B1689D /* MessageContentView.swift */; };
/* End PBXBuildFile section */

/* Begin PBXFileReference section */
		610519D72462E2FF00F07DFC /* CustomScrollView.swift */ = {isa = PBXFileReference; lastKnownFileType = sourcecode.swift; path = CustomScrollView.swift; sourceTree = "<group>"; };
		6110E6802461CCE8003492FA /* ImageUploader.swift */ = {isa = PBXFileReference; lastKnownFileType = sourcecode.swift; path = ImageUploader.swift; sourceTree = "<group>"; };
		6110E6842461CEBC003492FA /* Image_Loader.swift */ = {isa = PBXFileReference; lastKnownFileType = sourcecode.swift; path = Image_Loader.swift; sourceTree = "<group>"; };
		6110E6862461E79B003492FA /* UserJoinedNotificationView.swift */ = {isa = PBXFileReference; lastKnownFileType = sourcecode.swift; path = UserJoinedNotificationView.swift; sourceTree = "<group>"; };
		61199113246049C40012AFA5 /* MessageView.swift */ = {isa = PBXFileReference; lastKnownFileType = sourcecode.swift; path = MessageView.swift; sourceTree = "<group>"; };
		6119911724604A990012AFA5 /* User.swift */ = {isa = PBXFileReference; lastKnownFileType = sourcecode.swift; path = User.swift; sourceTree = "<group>"; };
		6119911C24605E100012AFA5 /* LoginView.swift */ = {isa = PBXFileReference; lastKnownFileType = sourcecode.swift; path = LoginView.swift; sourceTree = "<group>"; };
		6119912124605EC60012AFA5 /* Coordinator.swift */ = {isa = PBXFileReference; lastKnownFileType = sourcecode.swift; path = Coordinator.swift; sourceTree = "<group>"; };
		6119912324605EE60012AFA5 /* CaptureImageView.swift */ = {isa = PBXFileReference; lastKnownFileType = sourcecode.swift; path = CaptureImageView.swift; sourceTree = "<group>"; };
		611991262460619C0012AFA5 /* WelcomeTextView.swift */ = {isa = PBXFileReference; lastKnownFileType = sourcecode.swift; path = WelcomeTextView.swift; sourceTree = "<group>"; };
		61199128246062450012AFA5 /* UserImageView.swift */ = {isa = PBXFileReference; lastKnownFileType = sourcecode.swift; path = UserImageView.swift; sourceTree = "<group>"; };
		6119912A246062980012AFA5 /* LoginButtonView.swift */ = {isa = PBXFileReference; lastKnownFileType = sourcecode.swift; path = LoginButtonView.swift; sourceTree = "<group>"; };
		6158444D24606A7E001BB601 /* BottomBarView.swift */ = {isa = PBXFileReference; lastKnownFileType = sourcecode.swift; path = BottomBarView.swift; sourceTree = "<group>"; };
		6158445024606E34001BB601 /* KeyboardAdapt.swift */ = {isa = PBXFileReference; lastKnownFileType = sourcecode.swift; path = KeyboardAdapt.swift; sourceTree = "<group>"; };
		61994E63246187EA0059DBBD /* ChatRoom.swift */ = {isa = PBXFileReference; lastKnownFileType = sourcecode.swift; path = ChatRoom.swift; sourceTree = "<group>"; };
		61994E6724619B4E0059DBBD /* Data_Holder.swift */ = {isa = PBXFileReference; lastKnownFileType = sourcecode.swift; path = Data_Holder.swift; sourceTree = "<group>"; };
		619DD5162460AF64002785F0 /* String_Extensions.swift */ = {isa = PBXFileReference; lastKnownFileType = sourcecode.swift; path = String_Extensions.swift; sourceTree = "<group>"; };
		619DD5182460B4E6002785F0 /* Message.swift */ = {isa = PBXFileReference; lastKnownFileType = sourcecode.swift; path = Message.swift; sourceTree = "<group>"; };
		61C5DD5B2460694D0030346A /* TopBarView.swift */ = {isa = PBXFileReference; lastKnownFileType = sourcecode.swift; path = TopBarView.swift; sourceTree = "<group>"; };
		61E2587A2460443100B1689D /* ChatRoomwithTCPSocket.app */ = {isa = PBXFileReference; explicitFileType = wrapper.application; includeInIndex = 0; path = ChatRoomwithTCPSocket.app; sourceTree = BUILT_PRODUCTS_DIR; };
		61E2587D2460443100B1689D /* AppDelegate.swift */ = {isa = PBXFileReference; lastKnownFileType = sourcecode.swift; path = AppDelegate.swift; sourceTree = "<group>"; };
		61E2587F2460443100B1689D /* SceneDelegate.swift */ = {isa = PBXFileReference; lastKnownFileType = sourcecode.swift; path = SceneDelegate.swift; sourceTree = "<group>"; };
		61E258812460443100B1689D /* ChatView.swift */ = {isa = PBXFileReference; lastKnownFileType = sourcecode.swift; path = ChatView.swift; sourceTree = "<group>"; };
		61E258832460443600B1689D /* Assets.xcassets */ = {isa = PBXFileReference; lastKnownFileType = folder.assetcatalog; path = Assets.xcassets; sourceTree = "<group>"; };
		61E258862460443600B1689D /* Preview Assets.xcassets */ = {isa = PBXFileReference; lastKnownFileType = folder.assetcatalog; path = "Preview Assets.xcassets"; sourceTree = "<group>"; };
		61E258892460443600B1689D /* Base */ = {isa = PBXFileReference; lastKnownFileType = file.storyboard; name = Base; path = Base.lproj/LaunchScreen.storyboard; sourceTree = "<group>"; };
		61E2588B2460443600B1689D /* Info.plist */ = {isa = PBXFileReference; lastKnownFileType = text.plist.xml; path = Info.plist; sourceTree = "<group>"; };
		61E258952460471400B1689D /* MessageContentView.swift */ = {isa = PBXFileReference; lastKnownFileType = sourcecode.swift; path = MessageContentView.swift; sourceTree = "<group>"; };
/* End PBXFileReference section */

/* Begin PBXFrameworksBuildPhase section */
		61E258772460443100B1689D /* Frameworks */ = {
			isa = PBXFrameworksBuildPhase;
			buildActionMask = 2147483647;
			files = (
			);
			runOnlyForDeploymentPostprocessing = 0;
		};
/* End PBXFrameworksBuildPhase section */

/* Begin PBXGroup section */
		611991192460596A0012AFA5 /* ChatRoomServices */ = {
			isa = PBXGroup;
			children = (
				61994E63246187EA0059DBBD /* ChatRoom.swift */,
				61994E6724619B4E0059DBBD /* Data_Holder.swift */,
				6110E6802461CCE8003492FA /* ImageUploader.swift */,
			);
			path = ChatRoomServices;
			sourceTree = "<group>";
		};
		6119912024605E990012AFA5 /* ImagePickerViews */ = {
			isa = PBXGroup;
			children = (
				6119912124605EC60012AFA5 /* Coordinator.swift */,
				6119912324605EE60012AFA5 /* CaptureImageView.swift */,
			);
			path = ImagePickerViews;
			sourceTree = "<group>";
		};
		61199125246061760012AFA5 /* LoginView */ = {
			isa = PBXGroup;
			children = (
				6119911C24605E100012AFA5 /* LoginView.swift */,
				611991262460619C0012AFA5 /* WelcomeTextView.swift */,
				61199128246062450012AFA5 /* UserImageView.swift */,
				6119912A246062980012AFA5 /* LoginButtonView.swift */,
			);
			path = LoginView;
			sourceTree = "<group>";
		};
		6158444F24606E17001BB601 /* Helpers */ = {
			isa = PBXGroup;
			children = (
				6158445024606E34001BB601 /* KeyboardAdapt.swift */,
				619DD5162460AF64002785F0 /* String_Extensions.swift */,
				6110E6842461CEBC003492FA /* Image_Loader.swift */,
			);
			path = Helpers;
			sourceTree = "<group>";
		};
		61C5DD5A2460693A0030346A /* ChatViews */ = {
			isa = PBXGroup;
			children = (
				61E258812460443100B1689D /* ChatView.swift */,
				61E258952460471400B1689D /* MessageContentView.swift */,
				61199113246049C40012AFA5 /* MessageView.swift */,
				61C5DD5B2460694D0030346A /* TopBarView.swift */,
				6158444D24606A7E001BB601 /* BottomBarView.swift */,
				6110E6862461E79B003492FA /* UserJoinedNotificationView.swift */,
				610519D72462E2FF00F07DFC /* CustomScrollView.swift */,
			);
			path = ChatViews;
			sourceTree = "<group>";
		};
		61E258712460443100B1689D = {
			isa = PBXGroup;
			children = (
				61E2587C2460443100B1689D /* ChatRoomwithTCPSocket */,
				61E2587B2460443100B1689D /* Products */,
			);
			sourceTree = "<group>";
		};
		61E2587B2460443100B1689D /* Products */ = {
			isa = PBXGroup;
			children = (
				61E2587A2460443100B1689D /* ChatRoomwithTCPSocket.app */,
			);
			name = Products;
			sourceTree = "<group>";
		};
		61E2587C2460443100B1689D /* ChatRoomwithTCPSocket */ = {
			isa = PBXGroup;
			children = (
				6158444F24606E17001BB601 /* Helpers */,
				611991192460596A0012AFA5 /* ChatRoomServices */,
				61E25894246046C200B1689D /* Models */,
				61E25893246046B800B1689D /* Views */,
				61E258912460468E00B1689D /* Delegates */,
				61E258832460443600B1689D /* Assets.xcassets */,
				61E258882460443600B1689D /* LaunchScreen.storyboard */,
				61E2588B2460443600B1689D /* Info.plist */,
				61E258852460443600B1689D /* Preview Content */,
			);
			path = ChatRoomwithTCPSocket;
			sourceTree = "<group>";
		};
		61E258852460443600B1689D /* Preview Content */ = {
			isa = PBXGroup;
			children = (
				61E258862460443600B1689D /* Preview Assets.xcassets */,
			);
			path = "Preview Content";
			sourceTree = "<group>";
		};
		61E258912460468E00B1689D /* Delegates */ = {
			isa = PBXGroup;
			children = (
				61E2587D2460443100B1689D /* AppDelegate.swift */,
				61E2587F2460443100B1689D /* SceneDelegate.swift */,
			);
			path = Delegates;
			sourceTree = "<group>";
		};
		61E25893246046B800B1689D /* Views */ = {
			isa = PBXGroup;
			children = (
				61C5DD5A2460693A0030346A /* ChatViews */,
				61199125246061760012AFA5 /* LoginView */,
				6119912024605E990012AFA5 /* ImagePickerViews */,
			);
			path = Views;
			sourceTree = "<group>";
		};
		61E25894246046C200B1689D /* Models */ = {
			isa = PBXGroup;
			children = (
				6119911724604A990012AFA5 /* User.swift */,
				619DD5182460B4E6002785F0 /* Message.swift */,
			);
			path = Models;
			sourceTree = "<group>";
		};
/* End PBXGroup section */

/* Begin PBXNativeTarget section */
		61E258792460443100B1689D /* ChatRoomwithTCPSocket */ = {
			isa = PBXNativeTarget;
			buildConfigurationList = 61E2588E2460443600B1689D /* Build configuration list for PBXNativeTarget "ChatRoomwithTCPSocket" */;
			buildPhases = (
				61E258762460443100B1689D /* Sources */,
				61E258772460443100B1689D /* Frameworks */,
				61E258782460443100B1689D /* Resources */,
			);
			buildRules = (
			);
			dependencies = (
			);
			name = ChatRoomwithTCPSocket;
			productName = ChatRoomwithTCPSocket;
			productReference = 61E2587A2460443100B1689D /* ChatRoomwithTCPSocket.app */;
			productType = "com.apple.product-type.application";
		};
/* End PBXNativeTarget section */

/* Begin PBXProject section */
		61E258722460443100B1689D /* Project object */ = {
			isa = PBXProject;
			attributes = {
				LastSwiftUpdateCheck = 1140;
				LastUpgradeCheck = 1140;
				ORGANIZATIONNAME = PR;
				TargetAttributes = {
					61E258792460443100B1689D = {
						CreatedOnToolsVersion = 11.4;
					};
				};
			};
			buildConfigurationList = 61E258752460443100B1689D /* Build configuration list for PBXProject "ChatRoomwithTCPSocket" */;
			compatibilityVersion = "Xcode 9.3";
			developmentRegion = en;
			hasScannedForEncodings = 0;
			knownRegions = (
				en,
				Base,
			);
			mainGroup = 61E258712460443100B1689D;
			productRefGroup = 61E2587B2460443100B1689D /* Products */;
			projectDirPath = "";
			projectRoot = "";
			targets = (
				61E258792460443100B1689D /* ChatRoomwithTCPSocket */,
			);
		};
/* End PBXProject section */

/* Begin PBXResourcesBuildPhase section */
		61E258782460443100B1689D /* Resources */ = {
			isa = PBXResourcesBuildPhase;
			buildActionMask = 2147483647;
			files = (
				61E2588A2460443600B1689D /* LaunchScreen.storyboard in Resources */,
				61E258872460443600B1689D /* Preview Assets.xcassets in Resources */,
				61E258842460443600B1689D /* Assets.xcassets in Resources */,
			);
			runOnlyForDeploymentPostprocessing = 0;
		};
/* End PBXResourcesBuildPhase section */

/* Begin PBXSourcesBuildPhase section */
		61E258762460443100B1689D /* Sources */ = {
			isa = PBXSourcesBuildPhase;
			buildActionMask = 2147483647;
			files = (
				61994E64246187EA0059DBBD /* ChatRoom.swift in Sources */,
				61E2587E2460443100B1689D /* AppDelegate.swift in Sources */,
				611991272460619C0012AFA5 /* WelcomeTextView.swift in Sources */,
				6119912424605EE60012AFA5 /* CaptureImageView.swift in Sources */,
				619DD5192460B4E6002785F0 /* Message.swift in Sources */,
				6110E6852461CEBC003492FA /* Image_Loader.swift in Sources */,
				6158444E24606A7E001BB601 /* BottomBarView.swift in Sources */,
				61C5DD5C2460694D0030346A /* TopBarView.swift in Sources */,
				61E258802460443100B1689D /* SceneDelegate.swift in Sources */,
				6119912224605EC60012AFA5 /* Coordinator.swift in Sources */,
				61E258962460471400B1689D /* MessageContentView.swift in Sources */,
				6158445124606E34001BB601 /* KeyboardAdapt.swift in Sources */,
				6110E6872461E79B003492FA /* UserJoinedNotificationView.swift in Sources */,
				6119912B246062980012AFA5 /* LoginButtonView.swift in Sources */,
				610519D82462E2FF00F07DFC /* CustomScrollView.swift in Sources */,
				619DD5172460AF64002785F0 /* String_Extensions.swift in Sources */,
				6119911D24605E100012AFA5 /* LoginView.swift in Sources */,
				61E258822460443100B1689D /* ChatView.swift in Sources */,
				61199114246049C40012AFA5 /* MessageView.swift in Sources */,
				61994E6824619B4E0059DBBD /* Data_Holder.swift in Sources */,
				6110E6812461CCE8003492FA /* ImageUploader.swift in Sources */,
				61199129246062450012AFA5 /* UserImageView.swift in Sources */,
				6119911824604A990012AFA5 /* User.swift in Sources */,
			);
			runOnlyForDeploymentPostprocessing = 0;
		};
/* End PBXSourcesBuildPhase section */

/* Begin PBXVariantGroup section */
		61E258882460443600B1689D /* LaunchScreen.storyboard */ = {
			isa = PBXVariantGroup;
			children = (
				61E258892460443600B1689D /* Base */,
			);
			name = LaunchScreen.storyboard;
			sourceTree = "<group>";
		};
/* End PBXVariantGroup section */

/* Begin XCBuildConfiguration section */
		61E2588C2460443600B1689D /* Debug */ = {
			isa = XCBuildConfiguration;
			buildSettings = {
				ALWAYS_SEARCH_USER_PATHS = NO;
				CLANG_ANALYZER_NONNULL = YES;
				CLANG_ANALYZER_NUMBER_OBJECT_CONVERSION = YES_AGGRESSIVE;
				CLANG_CXX_LANGUAGE_STANDARD = "gnu++14";
				CLANG_CXX_LIBRARY = "libc++";
				CLANG_ENABLE_MODULES = YES;
				CLANG_ENABLE_OBJC_ARC = YES;
				CLANG_ENABLE_OBJC_WEAK = YES;
				CLANG_WARN_BLOCK_CAPTURE_AUTORELEASING = YES;
				CLANG_WARN_BOOL_CONVERSION = YES;
				CLANG_WARN_COMMA = YES;
				CLANG_WARN_CONSTANT_CONVERSION = YES;
				CLANG_WARN_DEPRECATED_OBJC_IMPLEMENTATIONS = YES;
				CLANG_WARN_DIRECT_OBJC_ISA_USAGE = YES_ERROR;
				CLANG_WARN_DOCUMENTATION_COMMENTS = YES;
				CLANG_WARN_EMPTY_BODY = YES;
				CLANG_WARN_ENUM_CONVERSION = YES;
				CLANG_WARN_INFINITE_RECURSION = YES;
				CLANG_WARN_INT_CONVERSION = YES;
				CLANG_WARN_NON_LITERAL_NULL_CONVERSION = YES;
				CLANG_WARN_OBJC_IMPLICIT_RETAIN_SELF = YES;
				CLANG_WARN_OBJC_LITERAL_CONVERSION = YES;
				CLANG_WARN_OBJC_ROOT_CLASS = YES_ERROR;
				CLANG_WARN_RANGE_LOOP_ANALYSIS = YES;
				CLANG_WARN_STRICT_PROTOTYPES = YES;
				CLANG_WARN_SUSPICIOUS_MOVE = YES;
				CLANG_WARN_UNGUARDED_AVAILABILITY = YES_AGGRESSIVE;
				CLANG_WARN_UNREACHABLE_CODE = YES;
				CLANG_WARN__DUPLICATE_METHOD_MATCH = YES;
				COPY_PHASE_STRIP = NO;
				DEBUG_INFORMATION_FORMAT = dwarf;
				ENABLE_STRICT_OBJC_MSGSEND = YES;
				ENABLE_TESTABILITY = YES;
				GCC_C_LANGUAGE_STANDARD = gnu11;
				GCC_DYNAMIC_NO_PIC = NO;
				GCC_NO_COMMON_BLOCKS = YES;
				GCC_OPTIMIZATION_LEVEL = 0;
				GCC_PREPROCESSOR_DEFINITIONS = (
					"DEBUG=1",
					"$(inherited)",
				);
				GCC_WARN_64_TO_32_BIT_CONVERSION = YES;
				GCC_WARN_ABOUT_RETURN_TYPE = YES_ERROR;
				GCC_WARN_UNDECLARED_SELECTOR = YES;
				GCC_WARN_UNINITIALIZED_AUTOS = YES_AGGRESSIVE;
				GCC_WARN_UNUSED_FUNCTION = YES;
				GCC_WARN_UNUSED_VARIABLE = YES;
				IPHONEOS_DEPLOYMENT_TARGET = 13.4;
				MTL_ENABLE_DEBUG_INFO = INCLUDE_SOURCE;
				MTL_FAST_MATH = YES;
				ONLY_ACTIVE_ARCH = YES;
				SDKROOT = iphoneos;
				SWIFT_ACTIVE_COMPILATION_CONDITIONS = DEBUG;
				SWIFT_OPTIMIZATION_LEVEL = "-Onone";
			};
			name = Debug;
		};
		61E2588D2460443600B1689D /* Release */ = {
			isa = XCBuildConfiguration;
			buildSettings = {
				ALWAYS_SEARCH_USER_PATHS = NO;
				CLANG_ANALYZER_NONNULL = YES;
				CLANG_ANALYZER_NUMBER_OBJECT_CONVERSION = YES_AGGRESSIVE;
				CLANG_CXX_LANGUAGE_STANDARD = "gnu++14";
				CLANG_CXX_LIBRARY = "libc++";
				CLANG_ENABLE_MODULES = YES;
				CLANG_ENABLE_OBJC_ARC = YES;
				CLANG_ENABLE_OBJC_WEAK = YES;
				CLANG_WARN_BLOCK_CAPTURE_AUTORELEASING = YES;
				CLANG_WARN_BOOL_CONVERSION = YES;
				CLANG_WARN_COMMA = YES;
				CLANG_WARN_CONSTANT_CONVERSION = YES;
				CLANG_WARN_DEPRECATED_OBJC_IMPLEMENTATIONS = YES;
				CLANG_WARN_DIRECT_OBJC_ISA_USAGE = YES_ERROR;
				CLANG_WARN_DOCUMENTATION_COMMENTS = YES;
				CLANG_WARN_EMPTY_BODY = YES;
				CLANG_WARN_ENUM_CONVERSION = YES;
				CLANG_WARN_INFINITE_RECURSION = YES;
				CLANG_WARN_INT_CONVERSION = YES;
				CLANG_WARN_NON_LITERAL_NULL_CONVERSION = YES;
				CLANG_WARN_OBJC_IMPLICIT_RETAIN_SELF = YES;
				CLANG_WARN_OBJC_LITERAL_CONVERSION = YES;
				CLANG_WARN_OBJC_ROOT_CLASS = YES_ERROR;
				CLANG_WARN_RANGE_LOOP_ANALYSIS = YES;
				CLANG_WARN_STRICT_PROTOTYPES = YES;
				CLANG_WARN_SUSPICIOUS_MOVE = YES;
				CLANG_WARN_UNGUARDED_AVAILABILITY = YES_AGGRESSIVE;
				CLANG_WARN_UNREACHABLE_CODE = YES;
				CLANG_WARN__DUPLICATE_METHOD_MATCH = YES;
				COPY_PHASE_STRIP = NO;
				DEBUG_INFORMATION_FORMAT = "dwarf-with-dsym";
				ENABLE_NS_ASSERTIONS = NO;
				ENABLE_STRICT_OBJC_MSGSEND = YES;
				GCC_C_LANGUAGE_STANDARD = gnu11;
				GCC_NO_COMMON_BLOCKS = YES;
				GCC_WARN_64_TO_32_BIT_CONVERSION = YES;
				GCC_WARN_ABOUT_RETURN_TYPE = YES_ERROR;
				GCC_WARN_UNDECLARED_SELECTOR = YES;
				GCC_WARN_UNINITIALIZED_AUTOS = YES_AGGRESSIVE;
				GCC_WARN_UNUSED_FUNCTION = YES;
				GCC_WARN_UNUSED_VARIABLE = YES;
				IPHONEOS_DEPLOYMENT_TARGET = 13.4;
				MTL_ENABLE_DEBUG_INFO = NO;
				MTL_FAST_MATH = YES;
				SDKROOT = iphoneos;
				SWIFT_COMPILATION_MODE = wholemodule;
				SWIFT_OPTIMIZATION_LEVEL = "-O";
				VALIDATE_PRODUCT = YES;
			};
			name = Release;
		};
		61E2588F2460443600B1689D /* Debug */ = {
			isa = XCBuildConfiguration;
			buildSettings = {
				ASSETCATALOG_COMPILER_APPICON_NAME = AppIcon;
				CODE_SIGN_STYLE = Automatic;
				DEVELOPMENT_ASSET_PATHS = "\"ChatRoomwithTCPSocket/Preview Content\"";
				DEVELOPMENT_TEAM = 5ZFBRS23ZM;
				ENABLE_PREVIEWS = YES;
				INFOPLIST_FILE = ChatRoomwithTCPSocket/Info.plist;
				LD_RUNPATH_SEARCH_PATHS = (
					"$(inherited)",
					"@executable_path/Frameworks",
				);
				PRODUCT_BUNDLE_IDENTIFIER = MOV.ChatRoomwithTCPSocket;
				PRODUCT_NAME = "$(TARGET_NAME)";
				SWIFT_VERSION = 5.0;
				TARGETED_DEVICE_FAMILY = "1,2";
			};
			name = Debug;
		};
		61E258902460443600B1689D /* Release */ = {
			isa = XCBuildConfiguration;
			buildSettings = {
				ASSETCATALOG_COMPILER_APPICON_NAME = AppIcon;
				CODE_SIGN_STYLE = Automatic;
				DEVELOPMENT_ASSET_PATHS = "\"ChatRoomwithTCPSocket/Preview Content\"";
				DEVELOPMENT_TEAM = 5ZFBRS23ZM;
				ENABLE_PREVIEWS = YES;
				INFOPLIST_FILE = ChatRoomwithTCPSocket/Info.plist;
				LD_RUNPATH_SEARCH_PATHS = (
					"$(inherited)",
					"@executable_path/Frameworks",
				);
				PRODUCT_BUNDLE_IDENTIFIER = MOV.ChatRoomwithTCPSocket;
				PRODUCT_NAME = "$(TARGET_NAME)";
				SWIFT_VERSION = 5.0;
				TARGETED_DEVICE_FAMILY = "1,2";
			};
			name = Release;
		};
/* End XCBuildConfiguration section */

/* Begin XCConfigurationList section */
		61E258752460443100B1689D /* Build configuration list for PBXProject "ChatRoomwithTCPSocket" */ = {
			isa = XCConfigurationList;
			buildConfigurations = (
				61E2588C2460443600B1689D /* Debug */,
				61E2588D2460443600B1689D /* Release */,
			);
			defaultConfigurationIsVisible = 0;
			defaultConfigurationName = Release;
		};
		61E2588E2460443600B1689D /* Build configuration list for PBXNativeTarget "ChatRoomwithTCPSocket" */ = {
			isa = XCConfigurationList;
			buildConfigurations = (
				61E2588F2460443600B1689D /* Debug */,
				61E258902460443600B1689D /* Release */,
			);
			defaultConfigurationIsVisible = 0;
			defaultConfigurationName = Release;
		};
/* End XCConfigurationList section */
	};
	rootObject = 61E258722460443100B1689D /* Project object */;
}
